// !$*UTF8*$!
{
	archiveVersion = 1;
	classes = {
	};
	objectVersion = 46;
	objects = {

/* Begin PBXBuildFile section */
		2F6F9F802157292700009308 /* Info.plist in Resources */ = {isa = PBXBuildFile; fileRef = 2F6F9F7F2157292600009308 /* Info.plist */; };
		2F6F9F83215729D400009308 /* Assets.xcassets in Resources */ = {isa = PBXBuildFile; fileRef = 2F6F9F82215729D400009308 /* Assets.xcassets */; };
		2F6F9F8521572B9C00009308 /* Document.xib in Resources */ = {isa = PBXBuildFile; fileRef = 2F6F9F8421572B9C00009308 /* Document.xib */; };
		300620451A93BD9300F4B2D1 /* Employee.swift in Sources */ = {isa = PBXBuildFile; fileRef = 300620441A93BD9300F4B2D1 /* Employee.swift */; };
		3071283C1A926DB9002933A0 /* AppDelegate.swift in Sources */ = {isa = PBXBuildFile; fileRef = 3071283B1A926DB9002933A0 /* AppDelegate.swift */; };
		3071283E1A926DB9002933A0 /* Document.swift in Sources */ = {isa = PBXBuildFile; fileRef = 3071283D1A926DB9002933A0 /* Document.swift */; };
		307128461A926DB9002933A0 /* MainMenu.xib in Resources */ = {isa = PBXBuildFile; fileRef = 307128441A926DB9002933A0 /* MainMenu.xib */; };
/* End PBXBuildFile section */

/* Begin PBXFileReference section */
		2F6F9F7F2157292600009308 /* Info.plist */ = {isa = PBXFileReference; fileEncoding = 4; lastKnownFileType = text.plist.xml; name = Info.plist; path = ../../../../../projects/RaiseMan/RaiseMan/Info.plist; sourceTree = "<group>"; };
		2F6F9F812157299700009308 /* RaiseMan.entitlements */ = {isa = PBXFileReference; fileEncoding = 4; lastKnownFileType = text.plist.entitlements; path = RaiseMan.entitlements; sourceTree = "<group>"; };
		2F6F9F82215729D400009308 /* Assets.xcassets */ = {isa = PBXFileReference; lastKnownFileType = folder.assetcatalog; path = Assets.xcassets; sourceTree = "<group>"; };
		2F6F9F8421572B9C00009308 /* Document.xib */ = {isa = PBXFileReference; fileEncoding = 4; lastKnownFileType = file.xib; path = Document.xib; sourceTree = "<group>"; };
		300620441A93BD9300F4B2D1 /* Employee.swift */ = {isa = PBXFileReference; fileEncoding = 4; lastKnownFileType = sourcecode.swift; path = Employee.swift; sourceTree = "<group>"; };
		307128361A926DB9002933A0 /* RaiseMan.app */ = {isa = PBXFileReference; explicitFileType = wrapper.application; includeInIndex = 0; path = RaiseMan.app; sourceTree = BUILT_PRODUCTS_DIR; };
		3071283B1A926DB9002933A0 /* AppDelegate.swift */ = {isa = PBXFileReference; lastKnownFileType = sourcecode.swift; path = AppDelegate.swift; sourceTree = "<group>"; };
		3071283D1A926DB9002933A0 /* Document.swift */ = {isa = PBXFileReference; lastKnownFileType = sourcecode.swift; path = Document.swift; sourceTree = "<group>"; };
		307128451A926DB9002933A0 /* Base */ = {isa = PBXFileReference; lastKnownFileType = file.xib; name = Base; path = Base.lproj/MainMenu.xib; sourceTree = "<group>"; };
/* End PBXFileReference section */

/* Begin PBXFrameworksBuildPhase section */
		307128331A926DB9002933A0 /* Frameworks */ = {
			isa = PBXFrameworksBuildPhase;
			buildActionMask = 2147483647;
			files = (
			);
			runOnlyForDeploymentPostprocessing = 0;
		};
/* End PBXFrameworksBuildPhase section */

/* Begin PBXGroup section */
		3071282D1A926DB9002933A0 = {
			isa = PBXGroup;
			children = (
				307128381A926DB9002933A0 /* RaiseMan */,
				307128371A926DB9002933A0 /* Products */,
			);
			sourceTree = "<group>";
		};
		307128371A926DB9002933A0 /* Products */ = {
			isa = PBXGroup;
			children = (
				307128361A926DB9002933A0 /* RaiseMan.app */,
			);
			name = Products;
			sourceTree = "<group>";
		};
		307128381A926DB9002933A0 /* RaiseMan */ = {
			isa = PBXGroup;
			children = (
				3071283B1A926DB9002933A0 /* AppDelegate.swift */,
				300620441A93BD9300F4B2D1 /* Employee.swift */,
				3071283D1A926DB9002933A0 /* Document.swift */,
				2F6F9F8421572B9C00009308 /* Document.xib */,
				2F6F9F82215729D400009308 /* Assets.xcassets */,
				307128441A926DB9002933A0 /* MainMenu.xib */,
				2F6F9F7F2157292600009308 /* Info.plist */,
				2F6F9F812157299700009308 /* RaiseMan.entitlements */,
			);
			path = RaiseMan;
			sourceTree = "<group>";
		};
/* End PBXGroup section */

/* Begin PBXNativeTarget section */
		307128351A926DB9002933A0 /* RaiseMan */ = {
			isa = PBXNativeTarget;
			buildConfigurationList = 307128551A926DB9002933A0 /* Build configuration list for PBXNativeTarget "RaiseMan" */;
			buildPhases = (
				307128321A926DB9002933A0 /* Sources */,
				307128331A926DB9002933A0 /* Frameworks */,
				307128341A926DB9002933A0 /* Resources */,
			);
			buildRules = (
			);
			dependencies = (
			);
			name = RaiseMan;
			productName = RaiseMan;
			productReference = 307128361A926DB9002933A0 /* RaiseMan.app */;
			productType = "com.apple.product-type.application";
		};
/* End PBXNativeTarget section */

/* Begin PBXProject section */
		3071282E1A926DB9002933A0 /* Project object */ = {
			isa = PBXProject;
			attributes = {
				LastSwiftUpdateCheck = 0700;
				LastUpgradeCheck = 1000;
				ORGANIZATIONNAME = "Big Nerd Ranch";
				TargetAttributes = {
					307128351A926DB9002933A0 = {
						CreatedOnToolsVersion = 6.3;
					};
				};
			};
			buildConfigurationList = 307128311A926DB9002933A0 /* Build configuration list for PBXProject "RaiseMan" */;
			compatibilityVersion = "Xcode 3.2";
			developmentRegion = English;
			hasScannedForEncodings = 0;
			knownRegions = (
				en,
				Base,
			);
			mainGroup = 3071282D1A926DB9002933A0;
			productRefGroup = 307128371A926DB9002933A0 /* Products */;
			projectDirPath = "";
			projectRoot = "";
			targets = (
				307128351A926DB9002933A0 /* RaiseMan */,
			);
		};
/* End PBXProject section */

/* Begin PBXResourcesBuildPhase section */
		307128341A926DB9002933A0 /* Resources */ = {
			isa = PBXResourcesBuildPhase;
			buildActionMask = 2147483647;
			files = (
				2F6F9F802157292700009308 /* Info.plist in Resources */,
				307128461A926DB9002933A0 /* MainMenu.xib in Resources */,
				2F6F9F8521572B9C00009308 /* Document.xib in Resources */,
				2F6F9F83215729D400009308 /* Assets.xcassets in Resources */,
			);
			runOnlyForDeploymentPostprocessing = 0;
		};
/* End PBXResourcesBuildPhase section */

/* Begin PBXSourcesBuildPhase section */
		307128321A926DB9002933A0 /* Sources */ = {
			isa = PBXSourcesBuildPhase;
			buildActionMask = 2147483647;
			files = (
				3071283E1A926DB9002933A0 /* Document.swift in Sources */,
				300620451A93BD9300F4B2D1 /* Employee.swift in Sources */,
				3071283C1A926DB9002933A0 /* AppDelegate.swift in Sources */,
			);
			runOnlyForDeploymentPostprocessing = 0;
		};
/* End PBXSourcesBuildPhase section */

/* Begin PBXVariantGroup section */
		307128441A926DB9002933A0 /* MainMenu.xib */ = {
			isa = PBXVariantGroup;
			children = (
				307128451A926DB9002933A0 /* Base */,
			);
			name = MainMenu.xib;
			sourceTree = "<group>";
		};
/* End PBXVariantGroup section */

/* Begin XCBuildConfiguration section */
		307128531A926DB9002933A0 /* Debug */ = {
			isa = XCBuildConfiguration;
			buildSettings = {
				ALWAYS_SEARCH_USER_PATHS = NO;
				CLANG_CXX_LANGUAGE_STANDARD = "gnu++0x";
				CLANG_CXX_LIBRARY = "libc++";
				CLANG_ENABLE_MODULES = YES;
				CLANG_ENABLE_OBJC_ARC = YES;
				CLANG_WARN_BLOCK_CAPTURE_AUTORELEASING = YES;
				CLANG_WARN_BOOL_CONVERSION = YES;
				CLANG_WARN_COMMA = YES;
				CLANG_WARN_CONSTANT_CONVERSION = YES;
				CLANG_WARN_DEPRECATED_OBJC_IMPLEMENTATIONS = YES;
				CLANG_WARN_DIRECT_OBJC_ISA_USAGE = YES_ERROR;
				CLANG_WARN_EMPTY_BODY = YES;
				CLANG_WARN_ENUM_CONVERSION = YES;
				CLANG_WARN_INFINITE_RECURSION = YES;
				CLANG_WARN_INT_CONVERSION = YES;
				CLANG_WARN_NON_LITERAL_NULL_CONVERSION = YES;
				CLANG_WARN_OBJC_IMPLICIT_RETAIN_SELF = YES;
				CLANG_WARN_OBJC_LITERAL_CONVERSION = YES;
				CLANG_WARN_OBJC_ROOT_CLASS = YES_ERROR;
				CLANG_WARN_RANGE_LOOP_ANALYSIS = YES;
				CLANG_WARN_STRICT_PROTOTYPES = YES;
				CLANG_WARN_SUSPICIOUS_MOVE = YES;
				CLANG_WARN_UNREACHABLE_CODE = YES;
				CLANG_WARN__DUPLICATE_METHOD_MATCH = YES;
				CODE_SIGN_IDENTITY = "-";
				COPY_PHASE_STRIP = NO;
				DEBUG_INFORMATION_FORMAT = dwarf;
				ENABLE_STRICT_OBJC_MSGSEND = YES;
				ENABLE_TESTABILITY = YES;
				GCC_C_LANGUAGE_STANDARD = gnu99;
				GCC_DYNAMIC_NO_PIC = NO;
				GCC_NO_COMMON_BLOCKS = YES;
				GCC_OPTIMIZATION_LEVEL = 0;
				GCC_PREPROCESSOR_DEFINITIONS = (
					"DEBUG=1",
					"$(inherited)",
				);
				GCC_SYMBOLS_PRIVATE_EXTERN = NO;
				GCC_WARN_64_TO_32_BIT_CONVERSION = YES;
				GCC_WARN_ABOUT_RETURN_TYPE = YES_ERROR;
				GCC_WARN_UNDECLARED_SELECTOR = YES;
				GCC_WARN_UNINITIALIZED_AUTOS = YES_AGGRESSIVE;
				GCC_WARN_UNUSED_FUNCTION = YES;
				GCC_WARN_UNUSED_VARIABLE = YES;
				MACOSX_DEPLOYMENT_TARGET = 10.10;
				MTL_ENABLE_DEBUG_INFO = YES;
				ONLY_ACTIVE_ARCH = YES;
				SDKROOT = macosx;
				SWIFT_OPTIMIZATION_LEVEL = "-Onone";
			};
			name = Debug;
		};
		307128541A926DB9002933A0 /* Release */ = {
			isa = XCBuildConfiguration;
			buildSettings = {
				ALWAYS_SEARCH_USER_PATHS = NO;
				CLANG_CXX_LANGUAGE_STANDARD = "gnu++0x";
				CLANG_CXX_LIBRARY = "libc++";
				CLANG_ENABLE_MODULES = YES;
				CLANG_ENABLE_OBJC_ARC = YES;
				CLANG_WARN_BLOCK_CAPTURE_AUTORELEASING = YES;
				CLANG_WARN_BOOL_CONVERSION = YES;
				CLANG_WARN_COMMA = YES;
				CLANG_WARN_CONSTANT_CONVERSION = YES;
				CLANG_WARN_DEPRECATED_OBJC_IMPLEMENTATIONS = YES;
				CLANG_WARN_DIRECT_OBJC_ISA_USAGE = YES_ERROR;
				CLANG_WARN_EMPTY_BODY = YES;
				CLANG_WARN_ENUM_CONVERSION = YES;
				CLANG_WARN_INFINITE_RECURSION = YES;
				CLANG_WARN_INT_CONVERSION = YES;
				CLANG_WARN_NON_LITERAL_NULL_CONVERSION = YES;
				CLANG_WARN_OBJC_IMPLICIT_RETAIN_SELF = YES;
				CLANG_WARN_OBJC_LITERAL_CONVERSION = YES;
				CLANG_WARN_OBJC_ROOT_CLASS = YES_ERROR;
				CLANG_WARN_RANGE_LOOP_ANALYSIS = YES;
				CLANG_WARN_STRICT_PROTOTYPES = YES;
				CLANG_WARN_SUSPICIOUS_MOVE = YES;
				CLANG_WARN_UNREACHABLE_CODE = YES;
				CLANG_WARN__DUPLICATE_METHOD_MATCH = YES;
				CODE_SIGN_IDENTITY = "-";
				COPY_PHASE_STRIP = NO;
				DEBUG_INFORMATION_FORMAT = "dwarf-with-dsym";
				ENABLE_NS_ASSERTIONS = NO;
				ENABLE_STRICT_OBJC_MSGSEND = YES;
				GCC_C_LANGUAGE_STANDARD = gnu99;
				GCC_NO_COMMON_BLOCKS = YES;
				GCC_WARN_64_TO_32_BIT_CONVERSION = YES;
				GCC_WARN_ABOUT_RETURN_TYPE = YES_ERROR;
				GCC_WARN_UNDECLARED_SELECTOR = YES;
				GCC_WARN_UNINITIALIZED_AUTOS = YES_AGGRESSIVE;
				GCC_WARN_UNUSED_FUNCTION = YES;
				GCC_WARN_UNUSED_VARIABLE = YES;
				MACOSX_DEPLOYMENT_TARGET = 10.10;
				MTL_ENABLE_DEBUG_INFO = NO;
				SDKROOT = macosx;
				SWIFT_COMPILATION_MODE = wholemodule;
			};
			name = Release;
		};
		307128561A926DB9002933A0 /* Debug */ = {
			isa = XCBuildConfiguration;
			buildSettings = {
				ASSETCATALOG_COMPILER_APPICON_NAME = AppIcon;
				COMBINE_HIDPI_IMAGES = YES;
				INFOPLIST_FILE = RaiseMan/Info.plist;
				LD_RUNPATH_SEARCH_PATHS = "$(inherited) @executable_path/../Frameworks";
				PRODUCT_BUNDLE_IDENTIFIER = "com.bignerdranch.$(PRODUCT_NAME:rfc1034identifier)";
				PRODUCT_NAME = "$(TARGET_NAME)";
				SWIFT_VERSION = 4.2;
			};
			name = Debug;
		};
		307128571A926DB9002933A0 /* Release */ = {
			isa = XCBuildConfiguration;
			buildSettings = {
				ASSETCATALOG_COMPILER_APPICON_NAME = AppIcon;
				COMBINE_HIDPI_IMAGES = YES;
				INFOPLIST_FILE = RaiseMan/Info.plist;
				LD_RUNPATH_SEARCH_PATHS = "$(inherited) @executable_path/../Frameworks";
				PRODUCT_BUNDLE_IDENTIFIER = "com.bignerdranch.$(PRODUCT_NAME:rfc1034identifier)";
				PRODUCT_NAME = "$(TARGET_NAME)";
				SWIFT_VERSION = 4.2;
			};
			name = Release;
		};
/* End XCBuildConfiguration section */

/* Begin XCConfigurationList section */
		307128311A926DB9002933A0 /* Build configuration list for PBXProject "RaiseMan" */ = {
			isa = XCConfigurationList;
			buildConfigurations = (
				307128531A926DB9002933A0 /* Debug */,
				307128541A926DB9002933A0 /* Release */,
			);
			defaultConfigurationIsVisible = 0;
			defaultConfigurationName = Release;
		};
		307128551A926DB9002933A0 /* Build configuration list for PBXNativeTarget "RaiseMan" */ = {
			isa = XCConfigurationList;
			buildConfigurations = (
				307128561A926DB9002933A0 /* Debug */,
				307128571A926DB9002933A0 /* Release */,
			);
			defaultConfigurationIsVisible = 0;
			defaultConfigurationName = Release;
		};
/* End XCConfigurationList section */
	};
	rootObject = 3071282E1A926DB9002933A0 /* Project object */;
}
